{
    "name": "incyclist-services-sample",
    "version": "1.1.0",
    "lockfileVersion": 2,
    "requires": true,
    "packages": {
        "": {
            "name": "incyclist-services-sample",
            "version": "1.1.0",
            "dependencies": {
                "@serialport/bindings-cpp": "^10.8.0",
                "gd-eventlog": "^0.1.22",
                "incyclist-ant-plus": "^0.1.17",
                "incyclist-services": "file:../.."
            }
        },
        "../..": {
            "name": "incyclist-services",
            "version": "1.0.0-beta.1",
            "dependencies": {
                "incyclist-devices": "file:../devices",
                "uuid": "^9.0.0"
            },
            "devDependencies": {
                "@types/jest": "^29.4.0",
                "@types/node": "^18.14.1",
                "@typescript-eslint/eslint-plugin": "^5.53.0",
                "@typescript-eslint/parser": "^5.53.0",
                "eslint": "^8.34.0",
                "jest": "^29.4.3",
                "jsdoc": "^4.0.2",
                "ts-jest": "^29.0.5",
                "typedoc": "^0.23.25",
                "typedoc-plugin-markdown": "^3.14.0",
                "typescript": "^4.9.5"
            },
            "peerDependencies": {
                "gd-eventlog": "^0.1.22"
            }
        },
        "node_modules/@serialport/bindings-cpp": {
            "version": "10.8.0",
            "resolved": "https://registry.npmjs.org/@serialport/bindings-cpp/-/bindings-cpp-10.8.0.tgz",
            "integrity": "sha512-OMQNJz5kJblbmZN5UgJXLwi2XNtVLxSKmq5VyWuXQVsUIJD4l9UGHnLPqM5LD9u3HPZgDI5w7iYN7gxkQNZJUw==",
            "hasInstallScript": true,
            "dependencies": {
                "@serialport/bindings-interface": "1.2.2",
                "@serialport/parser-readline": "^10.2.1",
                "debug": "^4.3.2",
                "node-addon-api": "^5.0.0",
                "node-gyp-build": "^4.3.0"
            },
            "engines": {
                "node": ">=12.17.0 <13.0 || >=14.0.0"
            },
            "funding": {
                "url": "https://opencollective.com/serialport/donate"
            }
        },
        "node_modules/@serialport/bindings-interface": {
            "version": "1.2.2",
            "resolved": "https://registry.npmjs.org/@serialport/bindings-interface/-/bindings-interface-1.2.2.tgz",
            "integrity": "sha512-CJaUd5bLvtM9c5dmO9rPBHPXTa9R2UwpkJ0wdh9JCYcbrPWsKz+ErvR0hBLeo7NPeiFdjFO4sonRljiw4d2XiA==",
            "engines": {
                "node": "^12.22 || ^14.13 || >=16"
            }
        },
        "node_modules/@serialport/parser-delimiter": {
            "version": "10.5.0",
            "resolved": "https://registry.npmjs.org/@serialport/parser-delimiter/-/parser-delimiter-10.5.0.tgz",
            "integrity": "sha512-/uR/yT3jmrcwnl2FJU/2ySvwgo5+XpksDUR4NF/nwTS5i3CcuKS+FKi/tLzy1k8F+rCx5JzpiK+koqPqOUWArA==",
            "engines": {
                "node": ">=12.0.0"
            },
            "funding": {
                "url": "https://opencollective.com/serialport/donate"
            }
        },
        "node_modules/@serialport/parser-readline": {
            "version": "10.5.0",
            "resolved": "https://registry.npmjs.org/@serialport/parser-readline/-/parser-readline-10.5.0.tgz",
            "integrity": "sha512-0aXJknodcl94W9zSjvU+sLdXiyEG2rqjQmvBWZCr8wJZjWEtv3RgrnYiWq4i2OTOyC8C/oPK8ZjpBjQptRsoJQ==",
            "dependencies": {
                "@serialport/parser-delimiter": "10.5.0"
            },
            "engines": {
                "node": ">=12.0.0"
            },
            "funding": {
                "url": "https://opencollective.com/serialport/donate"
            }
        },
        "node_modules/@types/w3c-web-usb": {
            "version": "1.0.6",
            "resolved": "https://registry.npmjs.org/@types/w3c-web-usb/-/w3c-web-usb-1.0.6.tgz",
            "integrity": "sha512-cSjhgrr8g4KbPnnijAr/KJDNKa/bBa+ixYkywFRvrhvi9n1WEl7yYbtRyzE6jqNQiSxxJxoAW3STaOQwJHndaw==",
            "optional": true
        },
        "node_modules/dbly-linked-list": {
            "version": "0.3.4",
            "resolved": "https://registry.npmjs.org/dbly-linked-list/-/dbly-linked-list-0.3.4.tgz",
            "integrity": "sha512-327vOlwspi9i1T3Kc9yZhRUR8qDdgMQ4HmXsFDDCQ/HTc3sNe7gnF5b0UrsnaOJ0rvmG7yBZpK0NoOux9rKYKw==",
            "dependencies": {
                "lodash.isequal": "^4.5.0"
            }
        },
        "node_modules/debug": {
            "version": "4.3.4",
            "resolved": "https://registry.npmjs.org/debug/-/debug-4.3.4.tgz",
            "integrity": "sha512-PRWFHuSU3eDtQJPvnNY7Jcket1j0t5OuOsFzPPzsekD52Zl8qUfFIPEiswXqIvHWGVHOgX+7G/vCNNhehwxfkQ==",
            "dependencies": {
                "ms": "2.1.2"
            },
            "engines": {
                "node": ">=6.0"
            },
            "peerDependenciesMeta": {
                "supports-color": {
                    "optional": true
                }
            }
        },
        "node_modules/gd-eventlog": {
            "version": "0.1.22",
            "resolved": "https://registry.npmjs.org/gd-eventlog/-/gd-eventlog-0.1.22.tgz",
            "integrity": "sha512-R44CceZcbkg0faGYeUsiVW6rR2SB19zCj6wo2vJhXdfVjIW8tvnkHp3LWtfF4gDobnBfPJDQhKqqmYxxO6FT9A==",
            "engines": {
                "node": ">=10.0.0"
            }
        },
        "node_modules/incyclist-ant-plus": {
            "version": "0.1.17",
            "resolved": "https://registry.npmjs.org/incyclist-ant-plus/-/incyclist-ant-plus-0.1.17.tgz",
            "integrity": "sha512-2HVJZOYvXNBaB9C/4kEJJtNbE+rEllyOtwOwHCJzRh/WJOLDE9/zm27OG/mVSrlAICvQv0othEkklX+/qfQPeg==",
            "dependencies": {
                "queue-fifo": "^0.2.6"
            },
            "engines": {
                "node": ">=16.0.0"
            },
            "optionalDependencies": {
                "usb": "^2.7.0"
            }
        },
        "node_modules/incyclist-services": {
            "resolved": "../..",
            "link": true
        },
        "node_modules/lodash.isequal": {
            "version": "4.5.0",
            "resolved": "https://registry.npmjs.org/lodash.isequal/-/lodash.isequal-4.5.0.tgz",
            "integrity": "sha512-pDo3lu8Jhfjqls6GkMgpahsF9kCyayhgykjyLMNFTKWrpVdAQtYyB4muAMWozBB4ig/dtWAmsMxLEI8wuz+DYQ=="
        },
        "node_modules/ms": {
            "version": "2.1.2",
            "resolved": "https://registry.npmjs.org/ms/-/ms-2.1.2.tgz",
            "integrity": "sha512-sGkPx+VjMtmA6MX27oA4FBFELFCZZ4S4XqeGOXCv68tT+jb3vk/RyaKWP0PTKyWtmLSM0b+adUTEvbs1PEaH2w=="
        },
        "node_modules/node-addon-api": {
            "version": "5.1.0",
            "resolved": "https://registry.npmjs.org/node-addon-api/-/node-addon-api-5.1.0.tgz",
            "integrity": "sha512-eh0GgfEkpnoWDq+VY8OyvYhFEzBk6jIYbRKdIlyTiAXIVJ8PyBaKb0rp7oDtoddbdoHWhq8wwr+XZ81F1rpNdA=="
        },
        "node_modules/node-gyp-build": {
            "version": "4.6.0",
            "resolved": "https://registry.npmjs.org/node-gyp-build/-/node-gyp-build-4.6.0.tgz",
            "integrity": "sha512-NTZVKn9IylLwUzaKjkas1e4u2DLNcV4rdYagA4PWdPwW87Bi7z+BznyKSRwS/761tV/lzCGXplWsiaMjLqP2zQ==",
            "bin": {
                "node-gyp-build": "bin.js",
                "node-gyp-build-optional": "optional.js",
                "node-gyp-build-test": "build-test.js"
            }
        },
        "node_modules/queue-fifo": {
            "version": "0.2.6",
            "resolved": "https://registry.npmjs.org/queue-fifo/-/queue-fifo-0.2.6.tgz",
            "integrity": "sha512-rwlnZHAaTmWEGKC7ziasK8u4QnZW/uN6kSiG+tHNf/1GA+R32FArZi18s3SYUpKcA0Y6jJoUDn5GT3Anoc2mWw==",
            "dependencies": {
                "dbly-linked-list": "0.3.4"
            }
        },
        "node_modules/usb": {
            "version": "2.8.1",
            "resolved": "https://registry.npmjs.org/usb/-/usb-2.8.1.tgz",
            "integrity": "sha512-8lv4Ry8HBv3bVBcB5+GUClQP66AJ8hgv1iyOscjGG80GJLubslv4VBeykvFb5CBdR79uxy8tMVneesijwdVrnQ==",
            "hasInstallScript": true,
            "optional": true,
            "dependencies": {
                "@types/w3c-web-usb": "^1.0.6",
                "node-addon-api": "^5.0.0",
                "node-gyp-build": "^4.5.0"
            },
            "engines": {
                "node": ">=10.20.0 <11.x || >=12.17.0 <13.0 || >=14.0.0"
            }
        }
    },
    "dependencies": {
        "@serialport/bindings-cpp": {
            "version": "10.8.0",
            "resolved": "https://registry.npmjs.org/@serialport/bindings-cpp/-/bindings-cpp-10.8.0.tgz",
            "integrity": "sha512-OMQNJz5kJblbmZN5UgJXLwi2XNtVLxSKmq5VyWuXQVsUIJD4l9UGHnLPqM5LD9u3HPZgDI5w7iYN7gxkQNZJUw==",
            "requires": {
                "@serialport/bindings-interface": "1.2.2",
                "@serialport/parser-readline": "^10.2.1",
                "debug": "^4.3.2",
                "node-addon-api": "^5.0.0",
                "node-gyp-build": "^4.3.0"
            }
        },
        "@serialport/bindings-interface": {
            "version": "1.2.2",
            "resolved": "https://registry.npmjs.org/@serialport/bindings-interface/-/bindings-interface-1.2.2.tgz",
            "integrity": "sha512-CJaUd5bLvtM9c5dmO9rPBHPXTa9R2UwpkJ0wdh9JCYcbrPWsKz+ErvR0hBLeo7NPeiFdjFO4sonRljiw4d2XiA=="
        },
        "@serialport/parser-delimiter": {
            "version": "10.5.0",
            "resolved": "https://registry.npmjs.org/@serialport/parser-delimiter/-/parser-delimiter-10.5.0.tgz",
            "integrity": "sha512-/uR/yT3jmrcwnl2FJU/2ySvwgo5+XpksDUR4NF/nwTS5i3CcuKS+FKi/tLzy1k8F+rCx5JzpiK+koqPqOUWArA=="
        },
        "@serialport/parser-readline": {
            "version": "10.5.0",
            "resolved": "https://registry.npmjs.org/@serialport/parser-readline/-/parser-readline-10.5.0.tgz",
            "integrity": "sha512-0aXJknodcl94W9zSjvU+sLdXiyEG2rqjQmvBWZCr8wJZjWEtv3RgrnYiWq4i2OTOyC8C/oPK8ZjpBjQptRsoJQ==",
            "requires": {
                "@serialport/parser-delimiter": "10.5.0"
            }
        },
        "@types/w3c-web-usb": {
            "version": "1.0.6",
            "resolved": "https://registry.npmjs.org/@types/w3c-web-usb/-/w3c-web-usb-1.0.6.tgz",
            "integrity": "sha512-cSjhgrr8g4KbPnnijAr/KJDNKa/bBa+ixYkywFRvrhvi9n1WEl7yYbtRyzE6jqNQiSxxJxoAW3STaOQwJHndaw==",
            "optional": true
        },
        "dbly-linked-list": {
            "version": "0.3.4",
            "resolved": "https://registry.npmjs.org/dbly-linked-list/-/dbly-linked-list-0.3.4.tgz",
            "integrity": "sha512-327vOlwspi9i1T3Kc9yZhRUR8qDdgMQ4HmXsFDDCQ/HTc3sNe7gnF5b0UrsnaOJ0rvmG7yBZpK0NoOux9rKYKw==",
            "requires": {
                "lodash.isequal": "^4.5.0"
            }
        },
        "debug": {
            "version": "4.3.4",
            "resolved": "https://registry.npmjs.org/debug/-/debug-4.3.4.tgz",
            "integrity": "sha512-PRWFHuSU3eDtQJPvnNY7Jcket1j0t5OuOsFzPPzsekD52Zl8qUfFIPEiswXqIvHWGVHOgX+7G/vCNNhehwxfkQ==",
            "requires": {
                "ms": "2.1.2"
            }
        },
        "gd-eventlog": {
            "version": "0.1.22",
            "resolved": "https://registry.npmjs.org/gd-eventlog/-/gd-eventlog-0.1.22.tgz",
            "integrity": "sha512-R44CceZcbkg0faGYeUsiVW6rR2SB19zCj6wo2vJhXdfVjIW8tvnkHp3LWtfF4gDobnBfPJDQhKqqmYxxO6FT9A=="
        },
        "incyclist-ant-plus": {
            "version": "0.1.17",
            "resolved": "https://registry.npmjs.org/incyclist-ant-plus/-/incyclist-ant-plus-0.1.17.tgz",
            "integrity": "sha512-2HVJZOYvXNBaB9C/4kEJJtNbE+rEllyOtwOwHCJzRh/WJOLDE9/zm27OG/mVSrlAICvQv0othEkklX+/qfQPeg==",
            "requires": {
                "queue-fifo": "^0.2.6",
                "usb": "^2.7.0"
            }
        },
        "incyclist-services": {
            "version": "file:../..",
            "requires": {
                "@types/jest": "^29.4.0",
                "@types/node": "^18.14.1",
                "@typescript-eslint/eslint-plugin": "^5.53.0",
                "@typescript-eslint/parser": "^5.53.0",
                "eslint": "^8.34.0",
                "incyclist-devices": "file:../devices",
                "jest": "^29.4.3",
                "jsdoc": "^4.0.2",
                "ts-jest": "^29.0.5",
                "typedoc": "^0.23.25",
                "typedoc-plugin-markdown": "^3.14.0",
                "typescript": "^4.9.5",
                "uuid": "^9.0.0"
            }
        },
        "lodash.isequal": {
            "version": "4.5.0",
            "resolved": "https://registry.npmjs.org/lodash.isequal/-/lodash.isequal-4.5.0.tgz",
            "integrity": "sha512-pDo3lu8Jhfjqls6GkMgpahsF9kCyayhgykjyLMNFTKWrpVdAQtYyB4muAMWozBB4ig/dtWAmsMxLEI8wuz+DYQ=="
        },
        "ms": {
            "version": "2.1.2",
            "resolved": "https://registry.npmjs.org/ms/-/ms-2.1.2.tgz",
            "integrity": "sha512-sGkPx+VjMtmA6MX27oA4FBFELFCZZ4S4XqeGOXCv68tT+jb3vk/RyaKWP0PTKyWtmLSM0b+adUTEvbs1PEaH2w=="
        },
        "node-addon-api": {
            "version": "5.1.0",
            "resolved": "https://registry.npmjs.org/node-addon-api/-/node-addon-api-5.1.0.tgz",
            "integrity": "sha512-eh0GgfEkpnoWDq+VY8OyvYhFEzBk6jIYbRKdIlyTiAXIVJ8PyBaKb0rp7oDtoddbdoHWhq8wwr+XZ81F1rpNdA=="
        },
        "node-gyp-build": {
            "version": "4.6.0",
            "resolved": "https://registry.npmjs.org/node-gyp-build/-/node-gyp-build-4.6.0.tgz",
            "integrity": "sha512-NTZVKn9IylLwUzaKjkas1e4u2DLNcV4rdYagA4PWdPwW87Bi7z+BznyKSRwS/761tV/lzCGXplWsiaMjLqP2zQ=="
        },
        "queue-fifo": {
            "version": "0.2.6",
            "resolved": "https://registry.npmjs.org/queue-fifo/-/queue-fifo-0.2.6.tgz",
            "integrity": "sha512-rwlnZHAaTmWEGKC7ziasK8u4QnZW/uN6kSiG+tHNf/1GA+R32FArZi18s3SYUpKcA0Y6jJoUDn5GT3Anoc2mWw==",
            "requires": {
                "dbly-linked-list": "0.3.4"
            }
        },
        "usb": {
            "version": "2.8.1",
            "resolved": "https://registry.npmjs.org/usb/-/usb-2.8.1.tgz",
            "integrity": "sha512-8lv4Ry8HBv3bVBcB5+GUClQP66AJ8hgv1iyOscjGG80GJLubslv4VBeykvFb5CBdR79uxy8tMVneesijwdVrnQ==",
            "optional": true,
            "requires": {
                "@types/w3c-web-usb": "^1.0.6",
                "node-addon-api": "^5.0.0",
                "node-gyp-build": "^4.5.0"
            }
        }
    }
}
