{
    "name": "incyclist-services-sample",
    "version": "1.1.0",
    "lockfileVersion": 2,
    "requires": true,
    "packages": {
        "": {
            "name": "incyclist-services-sample",
            "version": "1.1.0",
            "dependencies": {
                "gd-eventlog": "^0.1.22",
                "incyclist-ant-plus": "^0.1.17",
                "incyclist-services": "file:../.."
            }
        },
        "../..": {
            "name": "incyclist-services",
            "version": "1.7.4",
            "dependencies": {
                "axios": "^1.13.4",
                "incyclist-devices": "^3.0.3",
                "promise.any": "^2.0.6",
                "semver": "^7.7.3",
                "tcx-builder": "^1.1.1",
                "uuid": "^13.0.0",
                "xml2js": "^0.6.2"
            },
            "devDependencies": {
                "@serialport/binding-mock": "^10.2.2",
                "@serialport/bindings-interface": "^1.2.2",
                "@types/jest": "^30.0.0",
                "@types/node": "^25.1.0",
                "@typescript-eslint/eslint-plugin": "^8.54.0",
                "@typescript-eslint/parser": "^8.54.0",
                "dotenv": "^17.2.3",
                "eslint": "^9.39.2",
                "formdata-node": "^6.0.3",
                "jest": "^30.2.0",
                "jsdoc": "^4.0.5",
                "ts-jest": "^29.4.6",
                "typedoc": "^0.28.16",
                "typedoc-plugin-markdown": "^4.9.0",
                "typedoc-plugin-no-inherit": "^1.6.1",
                "typescript": "^5.9.3"
            },
            "peerDependencies": {
                "gd-eventlog": "^0.1.27"
            }
        },
        "node_modules/@types/w3c-web-usb": {
            "version": "1.0.6",
            "resolved": "https://registry.npmjs.org/@types/w3c-web-usb/-/w3c-web-usb-1.0.6.tgz",
            "integrity": "sha512-cSjhgrr8g4KbPnnijAr/KJDNKa/bBa+ixYkywFRvrhvi9n1WEl7yYbtRyzE6jqNQiSxxJxoAW3STaOQwJHndaw==",
            "optional": true
        },
        "node_modules/dbly-linked-list": {
            "version": "0.3.4",
            "resolved": "https://registry.npmjs.org/dbly-linked-list/-/dbly-linked-list-0.3.4.tgz",
            "integrity": "sha512-327vOlwspi9i1T3Kc9yZhRUR8qDdgMQ4HmXsFDDCQ/HTc3sNe7gnF5b0UrsnaOJ0rvmG7yBZpK0NoOux9rKYKw==",
            "dependencies": {
                "lodash.isequal": "^4.5.0"
            }
        },
        "node_modules/gd-eventlog": {
            "version": "0.1.22",
            "resolved": "https://registry.npmjs.org/gd-eventlog/-/gd-eventlog-0.1.22.tgz",
            "integrity": "sha512-R44CceZcbkg0faGYeUsiVW6rR2SB19zCj6wo2vJhXdfVjIW8tvnkHp3LWtfF4gDobnBfPJDQhKqqmYxxO6FT9A==",
            "engines": {
                "node": ">=10.0.0"
            }
        },
        "node_modules/incyclist-ant-plus": {
            "version": "0.1.17",
            "resolved": "https://registry.npmjs.org/incyclist-ant-plus/-/incyclist-ant-plus-0.1.17.tgz",
            "integrity": "sha512-2HVJZOYvXNBaB9C/4kEJJtNbE+rEllyOtwOwHCJzRh/WJOLDE9/zm27OG/mVSrlAICvQv0othEkklX+/qfQPeg==",
            "dependencies": {
                "queue-fifo": "^0.2.6"
            },
            "engines": {
                "node": ">=16.0.0"
            },
            "optionalDependencies": {
                "usb": "^2.7.0"
            }
        },
        "node_modules/incyclist-services": {
            "resolved": "../..",
            "link": true
        },
        "node_modules/lodash.isequal": {
            "version": "4.5.0",
            "resolved": "https://registry.npmjs.org/lodash.isequal/-/lodash.isequal-4.5.0.tgz",
            "integrity": "sha512-pDo3lu8Jhfjqls6GkMgpahsF9kCyayhgykjyLMNFTKWrpVdAQtYyB4muAMWozBB4ig/dtWAmsMxLEI8wuz+DYQ=="
        },
        "node_modules/node-addon-api": {
            "version": "5.1.0",
            "resolved": "https://registry.npmjs.org/node-addon-api/-/node-addon-api-5.1.0.tgz",
            "integrity": "sha512-eh0GgfEkpnoWDq+VY8OyvYhFEzBk6jIYbRKdIlyTiAXIVJ8PyBaKb0rp7oDtoddbdoHWhq8wwr+XZ81F1rpNdA==",
            "optional": true
        },
        "node_modules/node-gyp-build": {
            "version": "4.6.0",
            "resolved": "https://registry.npmjs.org/node-gyp-build/-/node-gyp-build-4.6.0.tgz",
            "integrity": "sha512-NTZVKn9IylLwUzaKjkas1e4u2DLNcV4rdYagA4PWdPwW87Bi7z+BznyKSRwS/761tV/lzCGXplWsiaMjLqP2zQ==",
            "optional": true,
            "bin": {
                "node-gyp-build": "bin.js",
                "node-gyp-build-optional": "optional.js",
                "node-gyp-build-test": "build-test.js"
            }
        },
        "node_modules/queue-fifo": {
            "version": "0.2.6",
            "resolved": "https://registry.npmjs.org/queue-fifo/-/queue-fifo-0.2.6.tgz",
            "integrity": "sha512-rwlnZHAaTmWEGKC7ziasK8u4QnZW/uN6kSiG+tHNf/1GA+R32FArZi18s3SYUpKcA0Y6jJoUDn5GT3Anoc2mWw==",
            "dependencies": {
                "dbly-linked-list": "0.3.4"
            }
        },
        "node_modules/usb": {
            "version": "2.8.1",
            "resolved": "https://registry.npmjs.org/usb/-/usb-2.8.1.tgz",
            "integrity": "sha512-8lv4Ry8HBv3bVBcB5+GUClQP66AJ8hgv1iyOscjGG80GJLubslv4VBeykvFb5CBdR79uxy8tMVneesijwdVrnQ==",
            "hasInstallScript": true,
            "optional": true,
            "dependencies": {
                "@types/w3c-web-usb": "^1.0.6",
                "node-addon-api": "^5.0.0",
                "node-gyp-build": "^4.5.0"
            },
            "engines": {
                "node": ">=10.20.0 <11.x || >=12.17.0 <13.0 || >=14.0.0"
            }
        }
    },
    "dependencies": {
        "@types/w3c-web-usb": {
            "version": "1.0.6",
            "resolved": "https://registry.npmjs.org/@types/w3c-web-usb/-/w3c-web-usb-1.0.6.tgz",
            "integrity": "sha512-cSjhgrr8g4KbPnnijAr/KJDNKa/bBa+ixYkywFRvrhvi9n1WEl7yYbtRyzE6jqNQiSxxJxoAW3STaOQwJHndaw==",
            "optional": true
        },
        "dbly-linked-list": {
            "version": "0.3.4",
            "resolved": "https://registry.npmjs.org/dbly-linked-list/-/dbly-linked-list-0.3.4.tgz",
            "integrity": "sha512-327vOlwspi9i1T3Kc9yZhRUR8qDdgMQ4HmXsFDDCQ/HTc3sNe7gnF5b0UrsnaOJ0rvmG7yBZpK0NoOux9rKYKw==",
            "requires": {
                "lodash.isequal": "^4.5.0"
            }
        },
        "gd-eventlog": {
            "version": "0.1.22",
            "resolved": "https://registry.npmjs.org/gd-eventlog/-/gd-eventlog-0.1.22.tgz",
            "integrity": "sha512-R44CceZcbkg0faGYeUsiVW6rR2SB19zCj6wo2vJhXdfVjIW8tvnkHp3LWtfF4gDobnBfPJDQhKqqmYxxO6FT9A=="
        },
        "incyclist-ant-plus": {
            "version": "0.1.17",
            "resolved": "https://registry.npmjs.org/incyclist-ant-plus/-/incyclist-ant-plus-0.1.17.tgz",
            "integrity": "sha512-2HVJZOYvXNBaB9C/4kEJJtNbE+rEllyOtwOwHCJzRh/WJOLDE9/zm27OG/mVSrlAICvQv0othEkklX+/qfQPeg==",
            "requires": {
                "queue-fifo": "^0.2.6",
                "usb": "^2.7.0"
            }
        },
        "incyclist-services": {
            "version": "file:../..",
            "requires": {
                "@serialport/binding-mock": "^10.2.2",
                "@serialport/bindings-interface": "^1.2.2",
                "@types/jest": "^30.0.0",
                "@types/node": "^25.1.0",
                "@typescript-eslint/eslint-plugin": "^8.54.0",
                "@typescript-eslint/parser": "^8.54.0",
                "axios": "^1.13.4",
                "dotenv": "^17.2.3",
                "eslint": "^9.39.2",
                "formdata-node": "^6.0.3",
                "incyclist-devices": "^3.0.3",
                "jest": "^30.2.0",
                "jsdoc": "^4.0.5",
                "promise.any": "^2.0.6",
                "semver": "^7.7.3",
                "tcx-builder": "^1.1.1",
                "ts-jest": "^29.4.6",
                "typedoc": "^0.28.16",
                "typedoc-plugin-markdown": "^4.9.0",
                "typedoc-plugin-no-inherit": "^1.6.1",
                "typescript": "^5.9.3",
                "uuid": "^13.0.0",
                "xml2js": "^0.6.2"
            }
        },
        "lodash.isequal": {
            "version": "4.5.0",
            "resolved": "https://registry.npmjs.org/lodash.isequal/-/lodash.isequal-4.5.0.tgz",
            "integrity": "sha512-pDo3lu8Jhfjqls6GkMgpahsF9kCyayhgykjyLMNFTKWrpVdAQtYyB4muAMWozBB4ig/dtWAmsMxLEI8wuz+DYQ=="
        },
        "node-addon-api": {
            "version": "5.1.0",
            "resolved": "https://registry.npmjs.org/node-addon-api/-/node-addon-api-5.1.0.tgz",
            "integrity": "sha512-eh0GgfEkpnoWDq+VY8OyvYhFEzBk6jIYbRKdIlyTiAXIVJ8PyBaKb0rp7oDtoddbdoHWhq8wwr+XZ81F1rpNdA==",
            "optional": true
        },
        "node-gyp-build": {
            "version": "4.6.0",
            "resolved": "https://registry.npmjs.org/node-gyp-build/-/node-gyp-build-4.6.0.tgz",
            "integrity": "sha512-NTZVKn9IylLwUzaKjkas1e4u2DLNcV4rdYagA4PWdPwW87Bi7z+BznyKSRwS/761tV/lzCGXplWsiaMjLqP2zQ==",
            "optional": true
        },
        "queue-fifo": {
            "version": "0.2.6",
            "resolved": "https://registry.npmjs.org/queue-fifo/-/queue-fifo-0.2.6.tgz",
            "integrity": "sha512-rwlnZHAaTmWEGKC7ziasK8u4QnZW/uN6kSiG+tHNf/1GA+R32FArZi18s3SYUpKcA0Y6jJoUDn5GT3Anoc2mWw==",
            "requires": {
                "dbly-linked-list": "0.3.4"
            }
        },
        "usb": {
            "version": "2.8.1",
            "resolved": "https://registry.npmjs.org/usb/-/usb-2.8.1.tgz",
            "integrity": "sha512-8lv4Ry8HBv3bVBcB5+GUClQP66AJ8hgv1iyOscjGG80GJLubslv4VBeykvFb5CBdR79uxy8tMVneesijwdVrnQ==",
            "optional": true,
            "requires": {
                "@types/w3c-web-usb": "^1.0.6",
                "node-addon-api": "^5.0.0",
                "node-gyp-build": "^4.5.0"
            }
        }
    }
}
